
Microsoft Visual Studio Solution File, Format Version 12.00
# Visual Studio Version 17
VisualStudioVersion = 17.11.35303.130
MinimumVisualStudioVersion = 10.0.40219.1
Project("{2150E333-8FDC-42A3-9474-1A3956D46DE8}") = "Task0", "Task0", "{0080DED7-2002-4E0A-BD11-15766657834E}"
EndProject
Project("{9A19103F-16F7-4668-BE54-9A1E7A4F7556}") = "Tyuiu.ZaycevYA.Sprint0.Task0.V0", "Tyuiu.ZaycevYA.Sprint0.Task0.V0\Tyuiu.ZaycevYA.Sprint0.Task0.V0.csproj", "{183FBCCF-B9F9-4F57-85DF-8C17EDF57741}"
EndProject
Project("{2150E333-8FDC-42A3-9474-1A3956D46DE8}") = "Task1", "Task1", "{3F403815-5ADF-448E-B5F9-E4CA67C3CF09}"
EndProject
Project("{9A19103F-16F7-4668-BE54-9A1E7A4F7556}") = "Tyuiu.ZaycevYA.Sprint0.Task1.V0", "Tyuiu.ZaycevYA.Sprint0.Task1.V0\Tyuiu.ZaycevYA.Sprint0.Task1.V0.csproj", "{E93B7956-AC11-4247-98EC-978B0BC1AB98}"
EndProject
Project("{2150E333-8FDC-42A3-9474-1A3956D46DE8}") = "Task3", "Task3", "{0AE2BE70-EFCB-40EF-92F8-D03E0BD1F234}"
EndProject
Project("{9A19103F-16F7-4668-BE54-9A1E7A4F7556}") = "Tyuiu.ZaicevYA.Sprint0.Task3.V0", "Tyuiu.ZaicevYA.Sprint0.Task3.V0\Tyuiu.ZaicevYA.Sprint0.Task3.V0.csproj", "{0F2A9012-EF1A-42C6-A28E-23125B2A00EC}"
EndProject
Project("{9A19103F-16F7-4668-BE54-9A1E7A4F7556}") = "Tyuiu.ZaicevYA.Sprint0.Task3.V0.Lib", "Tyuiu.ZaicevYA.Sprint0.Task3.V0.Lib\Tyuiu.ZaicevYA.Sprint0.Task3.V0.Lib.csproj", "{7986DD9D-4D44-4C37-8D96-254451552A4E}"
EndProject
Project("{9A19103F-16F7-4668-BE54-9A1E7A4F7556}") = "Tyuiu.ZaicevYA.Sprint0.Task3.V0.Test", "Tyuiu.ZaicevYA.Sprint0.Task3.V0.Test\Tyuiu.ZaicevYA.Sprint0.Task3.V0.Test.csproj", "{18D83D48-0357-4E24-8256-EA5CC057D8C9}"
EndProject
Project("{2150E333-8FDC-42A3-9474-1A3956D46DE8}") = "Task5", "Task5", "{558A3AE9-57C1-44C9-B529-C22E77910429}"
EndProject
Project("{9A19103F-16F7-4668-BE54-9A1E7A4F7556}") = "Tyuiu.ZaycevYA.Sprint0.Tast5.V0", "Tyuiu.ZaycevYA.Sprint0.Tast5.V0\Tyuiu.ZaycevYA.Sprint0.Tast5.V0.csproj", "{69BA6533-184F-4528-B842-0B3EE28F4F03}"
EndProject
Project("{9A19103F-16F7-4668-BE54-9A1E7A4F7556}") = "Tyuiu.ZaycevYA.Sprint0.Task5.V0.Lib", "Tyuiu.ZaicevYA.Sprint0.Task5.V0.Lib\Tyuiu.ZaycevYA.Sprint0.Task5.V0.Lib.csproj", "{9BCD9181-C7C3-482B-A244-54E9D0173B8A}"
EndProject
Project("{9A19103F-16F7-4668-BE54-9A1E7A4F7556}") = "Tyuiu.ZaycevYA.Sprint0.Task5.V0.Test", "Tyuiu.ZaicevYA.Sprint0.Task5.V0.Test\Tyuiu.ZaycevYA.Sprint0.Task5.V0.Test.csproj", "{4D79ECD4-A91D-46E8-9C3D-E3D62B150FE8}"
EndProject
Project("{2150E333-8FDC-42A3-9474-1A3956D46DE8}") = "Task2", "Task2", "{6C32B5EB-430E-4C80-BDB9-158A1ABCD9EC}"
EndProject
Project("{2150E333-8FDC-42A3-9474-1A3956D46DE8}") = "Task4", "Task4", "{DCC8CF21-8974-47E5-9A3B-A366B63436D5}"
EndProject
Project("{9A19103F-16F7-4668-BE54-9A1E7A4F7556}") = "Tyuiu.ZaycevYA.Sprint0.Task4.V0", "Tyuiu.ZaycevYA.Sprint0.Task4.V0\Tyuiu.ZaycevYA.Sprint0.Task4.V0.csproj", "{F648933D-9D97-49A0-84ED-A1EB7D8F241A}"
EndProject
Project("{9A19103F-16F7-4668-BE54-9A1E7A4F7556}") = "Tyuiu.ZaycevYA.Sprint0.Task4.V0.Lib", "Tyuiu.ZaycevYA.Sprint0.Task4.V0.Lib\Tyuiu.ZaycevYA.Sprint0.Task4.V0.Lib.csproj", "{3D7D7E0D-B271-4D9D-8411-6ADFB3C55631}"
EndProject
Project("{9A19103F-16F7-4668-BE54-9A1E7A4F7556}") = "Tyuiu.ZaycevYA.Sprint0.Task4.V0.Test", "Tyuiu.ZaycevYA.Sprint0.Task4.V0.Test\Tyuiu.ZaycevYA.Sprint0.Task4.V0.Test.csproj", "{613326F0-4413-44EC-AAC0-CEF7CBEB41DE}"
EndProject
Project("{9A19103F-16F7-4668-BE54-9A1E7A4F7556}") = "Tyuiu.ZaycevYA.Sprint0.Task2.V0", "Tyuiu.ZaycevYA.Sprint0.Task2.V0\Tyuiu.ZaycevYA.Sprint0.Task2.V0.csproj", "{3EE3C56E-6AC1-49CB-B654-D56CAAD3364D}"
EndProject
Project("{9A19103F-16F7-4668-BE54-9A1E7A4F7556}") = "Tyuiu.ZaycevYA.Sprint0.Task2.V0.Lib", "Tyuiu.ZaycevYA.Sprint0.Task2.V0.Lib\Tyuiu.ZaycevYA.Sprint0.Task2.V0.Lib.csproj", "{B3880035-94D2-40CF-8697-9AC3C13004A2}"
EndProject
Project("{9A19103F-16F7-4668-BE54-9A1E7A4F7556}") = "Tyuiu.ZaycevYA.Sprint0.Task2.V0.Test", "Tyuiu.ZaycevYA.Sprint0.Task2.V0.Test\Tyuiu.ZaycevYA.Sprint0.Task2.V0.Test.csproj", "{A6011964-6757-4D8F-AA54-58A9E9660D48}"
EndProject
Project("{2150E333-8FDC-42A3-9474-1A3956D46DE8}") = "Task6", "Task6", "{B060B43F-3A62-4952-AE8C-7F05E1D95A5A}"
EndProject
Project("{9A19103F-16F7-4668-BE54-9A1E7A4F7556}") = "Tyuiu.ZaycevYA.Sprint0.Task6.V0", "Tyuiu.ZaycevYA.Sprint0.Task6.V0\Tyuiu.ZaycevYA.Sprint0.Task6.V0.csproj", "{C0D95836-86A8-4A70-B6D5-C4AE4A39F11C}"
EndProject
Project("{9A19103F-16F7-4668-BE54-9A1E7A4F7556}") = "Tyuiu.ZaycevYA.Sprint0.Task6.V0.Lib", "Tyuiu.ZaycevYA.Sprint0.Task6.V0.Lib\Tyuiu.ZaycevYA.Sprint0.Task6.V0.Lib.csproj", "{F0D7BBF2-E20F-46F5-9164-7779F4CAE52C}"
EndProject
Project("{9A19103F-16F7-4668-BE54-9A1E7A4F7556}") = "Tyuiu.ZaycevYA.Sprint0.Task6.V0.Test", "Tyuiu.ZaycevYA.Sprint0.Task6.V0.Test\Tyuiu.ZaycevYA.Sprint0.Task6.V0.Test.csproj", "{33E4F2C8-7D36-4094-8E35-C3F4183F7BC3}"
EndProject
Project("{2150E333-8FDC-42A3-9474-1A3956D46DE8}") = "Task7", "Task7", "{DFB17D07-6CB2-430C-9C52-AB26EBE18F12}"
EndProject
Project("{FAE04EC0-301F-11D3-BF4B-00C04F79EFBC}") = "Tyuiu.ZaycevYA.Sprint0.Task7.V0", "Tyuiu.ZaycevYA.Sprint0.Task7.V0\Tyuiu.ZaycevYA.Sprint0.Task7.V0.csproj", "{930DCD12-042F-44C9-B3F3-2050B341DED1}"
EndProject
Project("{FAE04EC0-301F-11D3-BF4B-00C04F79EFBC}") = "Tyuiu.ZaycevYA.Sprint0.Task7.V0.Lib", "Tyuiu.ZaycevYA.Sprint0.Task7.V0.Lib\Tyuiu.ZaycevYA.Sprint0.Task7.V0.Lib.csproj", "{E8492F4E-4943-4121-971F-351889EEAAEF}"
EndProject
Project("{FAE04EC0-301F-11D3-BF4B-00C04F79EFBC}") = "Tyuiu.ZaycevYA.Sprint0.Task7.V0.Test", "Tyuiu.ZaycevYA.Sprint0.Task7.V0.Test\Tyuiu.ZaycevYA.Sprint0.Task7.V0.Test.csproj", "{F1500343-8B3D-4137-ADB9-15CCA5054A16}"
EndProject
Global
	GlobalSection(SolutionConfigurationPlatforms) = preSolution
		Debug|Any CPU = Debug|Any CPU
		Release|Any CPU = Release|Any CPU
	EndGlobalSection
	GlobalSection(ProjectConfigurationPlatforms) = postSolution
		{183FBCCF-B9F9-4F57-85DF-8C17EDF57741}.Debug|Any CPU.ActiveCfg = Debug|Any CPU
		{183FBCCF-B9F9-4F57-85DF-8C17EDF57741}.Debug|Any CPU.Build.0 = Debug|Any CPU
		{183FBCCF-B9F9-4F57-85DF-8C17EDF57741}.Release|Any CPU.ActiveCfg = Release|Any CPU
		{183FBCCF-B9F9-4F57-85DF-8C17EDF57741}.Release|Any CPU.Build.0 = Release|Any CPU
		{E93B7956-AC11-4247-98EC-978B0BC1AB98}.Debug|Any CPU.ActiveCfg = Debug|Any CPU
		{E93B7956-AC11-4247-98EC-978B0BC1AB98}.Debug|Any CPU.Build.0 = Debug|Any CPU
		{E93B7956-AC11-4247-98EC-978B0BC1AB98}.Release|Any CPU.ActiveCfg = Release|Any CPU
		{E93B7956-AC11-4247-98EC-978B0BC1AB98}.Release|Any CPU.Build.0 = Release|Any CPU
		{0F2A9012-EF1A-42C6-A28E-23125B2A00EC}.Debug|Any CPU.ActiveCfg = Debug|Any CPU
		{0F2A9012-EF1A-42C6-A28E-23125B2A00EC}.Debug|Any CPU.Build.0 = Debug|Any CPU
		{0F2A9012-EF1A-42C6-A28E-23125B2A00EC}.Release|Any CPU.ActiveCfg = Release|Any CPU
		{0F2A9012-EF1A-42C6-A28E-23125B2A00EC}.Release|Any CPU.Build.0 = Release|Any CPU
		{7986DD9D-4D44-4C37-8D96-254451552A4E}.Debug|Any CPU.ActiveCfg = Debug|Any CPU
		{7986DD9D-4D44-4C37-8D96-254451552A4E}.Debug|Any CPU.Build.0 = Debug|Any CPU
		{7986DD9D-4D44-4C37-8D96-254451552A4E}.Release|Any CPU.ActiveCfg = Release|Any CPU
		{7986DD9D-4D44-4C37-8D96-254451552A4E}.Release|Any CPU.Build.0 = Release|Any CPU
		{18D83D48-0357-4E24-8256-EA5CC057D8C9}.Debug|Any CPU.ActiveCfg = Debug|Any CPU
		{18D83D48-0357-4E24-8256-EA5CC057D8C9}.Debug|Any CPU.Build.0 = Debug|Any CPU
		{18D83D48-0357-4E24-8256-EA5CC057D8C9}.Release|Any CPU.ActiveCfg = Release|Any CPU
		{18D83D48-0357-4E24-8256-EA5CC057D8C9}.Release|Any CPU.Build.0 = Release|Any CPU
		{69BA6533-184F-4528-B842-0B3EE28F4F03}.Debug|Any CPU.ActiveCfg = Debug|Any CPU
		{69BA6533-184F-4528-B842-0B3EE28F4F03}.Debug|Any CPU.Build.0 = Debug|Any CPU
		{69BA6533-184F-4528-B842-0B3EE28F4F03}.Release|Any CPU.ActiveCfg = Release|Any CPU
		{69BA6533-184F-4528-B842-0B3EE28F4F03}.Release|Any CPU.Build.0 = Release|Any CPU
		{9BCD9181-C7C3-482B-A244-54E9D0173B8A}.Debug|Any CPU.ActiveCfg = Debug|Any CPU
		{9BCD9181-C7C3-482B-A244-54E9D0173B8A}.Debug|Any CPU.Build.0 = Debug|Any CPU
		{9BCD9181-C7C3-482B-A244-54E9D0173B8A}.Release|Any CPU.ActiveCfg = Release|Any CPU
		{9BCD9181-C7C3-482B-A244-54E9D0173B8A}.Release|Any CPU.Build.0 = Release|Any CPU
		{4D79ECD4-A91D-46E8-9C3D-E3D62B150FE8}.Debug|Any CPU.ActiveCfg = Debug|Any CPU
		{4D79ECD4-A91D-46E8-9C3D-E3D62B150FE8}.Debug|Any CPU.Build.0 = Debug|Any CPU
		{4D79ECD4-A91D-46E8-9C3D-E3D62B150FE8}.Release|Any CPU.ActiveCfg = Release|Any CPU
		{4D79ECD4-A91D-46E8-9C3D-E3D62B150FE8}.Release|Any CPU.Build.0 = Release|Any CPU
		{F648933D-9D97-49A0-84ED-A1EB7D8F241A}.Debug|Any CPU.ActiveCfg = Debug|Any CPU
		{F648933D-9D97-49A0-84ED-A1EB7D8F241A}.Debug|Any CPU.Build.0 = Debug|Any CPU
		{F648933D-9D97-49A0-84ED-A1EB7D8F241A}.Release|Any CPU.ActiveCfg = Release|Any CPU
		{F648933D-9D97-49A0-84ED-A1EB7D8F241A}.Release|Any CPU.Build.0 = Release|Any CPU
		{3D7D7E0D-B271-4D9D-8411-6ADFB3C55631}.Debug|Any CPU.ActiveCfg = Debug|Any CPU
		{3D7D7E0D-B271-4D9D-8411-6ADFB3C55631}.Debug|Any CPU.Build.0 = Debug|Any CPU
		{3D7D7E0D-B271-4D9D-8411-6ADFB3C55631}.Release|Any CPU.ActiveCfg = Release|Any CPU
		{3D7D7E0D-B271-4D9D-8411-6ADFB3C55631}.Release|Any CPU.Build.0 = Release|Any CPU
		{613326F0-4413-44EC-AAC0-CEF7CBEB41DE}.Debug|Any CPU.ActiveCfg = Debug|Any CPU
		{613326F0-4413-44EC-AAC0-CEF7CBEB41DE}.Debug|Any CPU.Build.0 = Debug|Any CPU
		{613326F0-4413-44EC-AAC0-CEF7CBEB41DE}.Release|Any CPU.ActiveCfg = Release|Any CPU
		{613326F0-4413-44EC-AAC0-CEF7CBEB41DE}.Release|Any CPU.Build.0 = Release|Any CPU
		{3EE3C56E-6AC1-49CB-B654-D56CAAD3364D}.Debug|Any CPU.ActiveCfg = Debug|Any CPU
		{3EE3C56E-6AC1-49CB-B654-D56CAAD3364D}.Debug|Any CPU.Build.0 = Debug|Any CPU
		{3EE3C56E-6AC1-49CB-B654-D56CAAD3364D}.Release|Any CPU.ActiveCfg = Release|Any CPU
		{3EE3C56E-6AC1-49CB-B654-D56CAAD3364D}.Release|Any CPU.Build.0 = Release|Any CPU
		{B3880035-94D2-40CF-8697-9AC3C13004A2}.Debug|Any CPU.ActiveCfg = Debug|Any CPU
		{B3880035-94D2-40CF-8697-9AC3C13004A2}.Debug|Any CPU.Build.0 = Debug|Any CPU
		{B3880035-94D2-40CF-8697-9AC3C13004A2}.Release|Any CPU.ActiveCfg = Release|Any CPU
		{B3880035-94D2-40CF-8697-9AC3C13004A2}.Release|Any CPU.Build.0 = Release|Any CPU
		{A6011964-6757-4D8F-AA54-58A9E9660D48}.Debug|Any CPU.ActiveCfg = Debug|Any CPU
		{A6011964-6757-4D8F-AA54-58A9E9660D48}.Debug|Any CPU.Build.0 = Debug|Any CPU
		{A6011964-6757-4D8F-AA54-58A9E9660D48}.Release|Any CPU.ActiveCfg = Release|Any CPU
		{A6011964-6757-4D8F-AA54-58A9E9660D48}.Release|Any CPU.Build.0 = Release|Any CPU
		{C0D95836-86A8-4A70-B6D5-C4AE4A39F11C}.Debug|Any CPU.ActiveCfg = Debug|Any CPU
		{C0D95836-86A8-4A70-B6D5-C4AE4A39F11C}.Debug|Any CPU.Build.0 = Debug|Any CPU
		{C0D95836-86A8-4A70-B6D5-C4AE4A39F11C}.Release|Any CPU.ActiveCfg = Release|Any CPU
		{C0D95836-86A8-4A70-B6D5-C4AE4A39F11C}.Release|Any CPU.Build.0 = Release|Any CPU
		{F0D7BBF2-E20F-46F5-9164-7779F4CAE52C}.Debug|Any CPU.ActiveCfg = Debug|Any CPU
		{F0D7BBF2-E20F-46F5-9164-7779F4CAE52C}.Debug|Any CPU.Build.0 = Debug|Any CPU
		{F0D7BBF2-E20F-46F5-9164-7779F4CAE52C}.Release|Any CPU.ActiveCfg = Release|Any CPU
		{F0D7BBF2-E20F-46F5-9164-7779F4CAE52C}.Release|Any CPU.Build.0 = Release|Any CPU
		{33E4F2C8-7D36-4094-8E35-C3F4183F7BC3}.Debug|Any CPU.ActiveCfg = Debug|Any CPU
		{33E4F2C8-7D36-4094-8E35-C3F4183F7BC3}.Debug|Any CPU.Build.0 = Debug|Any CPU
		{33E4F2C8-7D36-4094-8E35-C3F4183F7BC3}.Release|Any CPU.ActiveCfg = Release|Any CPU
		{33E4F2C8-7D36-4094-8E35-C3F4183F7BC3}.Release|Any CPU.Build.0 = Release|Any CPU
		{930DCD12-042F-44C9-B3F3-2050B341DED1}.Debug|Any CPU.ActiveCfg = Debug|Any CPU
		{930DCD12-042F-44C9-B3F3-2050B341DED1}.Debug|Any CPU.Build.0 = Debug|Any CPU
		{930DCD12-042F-44C9-B3F3-2050B341DED1}.Release|Any CPU.ActiveCfg = Release|Any CPU
		{930DCD12-042F-44C9-B3F3-2050B341DED1}.Release|Any CPU.Build.0 = Release|Any CPU
		{E8492F4E-4943-4121-971F-351889EEAAEF}.Debug|Any CPU.ActiveCfg = Debug|Any CPU
		{E8492F4E-4943-4121-971F-351889EEAAEF}.Debug|Any CPU.Build.0 = Debug|Any CPU
		{E8492F4E-4943-4121-971F-351889EEAAEF}.Release|Any CPU.ActiveCfg = Release|Any CPU
		{E8492F4E-4943-4121-971F-351889EEAAEF}.Release|Any CPU.Build.0 = Release|Any CPU
		{F1500343-8B3D-4137-ADB9-15CCA5054A16}.Debug|Any CPU.ActiveCfg = Debug|Any CPU
		{F1500343-8B3D-4137-ADB9-15CCA5054A16}.Debug|Any CPU.Build.0 = Debug|Any CPU
		{F1500343-8B3D-4137-ADB9-15CCA5054A16}.Release|Any CPU.ActiveCfg = Release|Any CPU
		{F1500343-8B3D-4137-ADB9-15CCA5054A16}.Release|Any CPU.Build.0 = Release|Any CPU
	EndGlobalSection
	GlobalSection(SolutionProperties) = preSolution
		HideSolutionNode = FALSE
	EndGlobalSection
	GlobalSection(NestedProjects) = preSolution
		{183FBCCF-B9F9-4F57-85DF-8C17EDF57741} = {0080DED7-2002-4E0A-BD11-15766657834E}
		{E93B7956-AC11-4247-98EC-978B0BC1AB98} = {3F403815-5ADF-448E-B5F9-E4CA67C3CF09}
		{0F2A9012-EF1A-42C6-A28E-23125B2A00EC} = {0AE2BE70-EFCB-40EF-92F8-D03E0BD1F234}
		{7986DD9D-4D44-4C37-8D96-254451552A4E} = {0AE2BE70-EFCB-40EF-92F8-D03E0BD1F234}
		{18D83D48-0357-4E24-8256-EA5CC057D8C9} = {0AE2BE70-EFCB-40EF-92F8-D03E0BD1F234}
		{69BA6533-184F-4528-B842-0B3EE28F4F03} = {558A3AE9-57C1-44C9-B529-C22E77910429}
		{9BCD9181-C7C3-482B-A244-54E9D0173B8A} = {558A3AE9-57C1-44C9-B529-C22E77910429}
		{4D79ECD4-A91D-46E8-9C3D-E3D62B150FE8} = {558A3AE9-57C1-44C9-B529-C22E77910429}
		{F648933D-9D97-49A0-84ED-A1EB7D8F241A} = {DCC8CF21-8974-47E5-9A3B-A366B63436D5}
		{3D7D7E0D-B271-4D9D-8411-6ADFB3C55631} = {DCC8CF21-8974-47E5-9A3B-A366B63436D5}
		{613326F0-4413-44EC-AAC0-CEF7CBEB41DE} = {DCC8CF21-8974-47E5-9A3B-A366B63436D5}
		{3EE3C56E-6AC1-49CB-B654-D56CAAD3364D} = {6C32B5EB-430E-4C80-BDB9-158A1ABCD9EC}
		{B3880035-94D2-40CF-8697-9AC3C13004A2} = {6C32B5EB-430E-4C80-BDB9-158A1ABCD9EC}
		{A6011964-6757-4D8F-AA54-58A9E9660D48} = {6C32B5EB-430E-4C80-BDB9-158A1ABCD9EC}
		{C0D95836-86A8-4A70-B6D5-C4AE4A39F11C} = {B060B43F-3A62-4952-AE8C-7F05E1D95A5A}
		{F0D7BBF2-E20F-46F5-9164-7779F4CAE52C} = {B060B43F-3A62-4952-AE8C-7F05E1D95A5A}
		{33E4F2C8-7D36-4094-8E35-C3F4183F7BC3} = {B060B43F-3A62-4952-AE8C-7F05E1D95A5A}
		{930DCD12-042F-44C9-B3F3-2050B341DED1} = {DFB17D07-6CB2-430C-9C52-AB26EBE18F12}
		{E8492F4E-4943-4121-971F-351889EEAAEF} = {DFB17D07-6CB2-430C-9C52-AB26EBE18F12}
		{F1500343-8B3D-4137-ADB9-15CCA5054A16} = {DFB17D07-6CB2-430C-9C52-AB26EBE18F12}
	EndGlobalSection
	GlobalSection(ExtensibilityGlobals) = postSolution
		SolutionGuid = {7779F926-8F45-4B88-B0C6-FAA880AFDCA4}
	EndGlobalSection
EndGlobal
