
Microsoft Visual Studio Solution File, Format Version 12.00
# Visual Studio Version 17
VisualStudioVersion = 17.11.35303.130
MinimumVisualStudioVersion = 10.0.40219.1
Project("{2150E333-8FDC-42A3-9474-1A3956D46DE8}") = "Task0", "Task0", "{0080DED7-2002-4E0A-BD11-15766657834E}"
EndProject
Project("{FAE04EC0-301F-11D3-BF4B-00C04F79EFBC}") = "Tyuiu.ZaycevYA.Sprint0.Task0.V0", "Tyuiu.ZaycevYA.Sprint0.Task0.V0\Tyuiu.ZaycevYA.Sprint0.Task0.V0.csproj", "{183FBCCF-B9F9-4F57-85DF-8C17EDF57741}"
EndProject
Global
	GlobalSection(SolutionConfigurationPlatforms) = preSolution
		Debug|Any CPU = Debug|Any CPU
		Release|Any CPU = Release|Any CPU
	EndGlobalSection
	GlobalSection(ProjectConfigurationPlatforms) = postSolution
		{183FBCCF-B9F9-4F57-85DF-8C17EDF57741}.Debug|Any CPU.ActiveCfg = Debug|Any CPU
		{183FBCCF-B9F9-4F57-85DF-8C17EDF57741}.Debug|Any CPU.Build.0 = Debug|Any CPU
		{183FBCCF-B9F9-4F57-85DF-8C17EDF57741}.Release|Any CPU.ActiveCfg = Release|Any CPU
		{183FBCCF-B9F9-4F57-85DF-8C17EDF57741}.Release|Any CPU.Build.0 = Release|Any CPU
	EndGlobalSection
	GlobalSection(SolutionProperties) = preSolution
		HideSolutionNode = FALSE
	EndGlobalSection
	GlobalSection(NestedProjects) = preSolution
		{183FBCCF-B9F9-4F57-85DF-8C17EDF57741} = {0080DED7-2002-4E0A-BD11-15766657834E}
	EndGlobalSection
	GlobalSection(ExtensibilityGlobals) = postSolution
		SolutionGuid = {7779F926-8F45-4B88-B0C6-FAA880AFDCA4}
	EndGlobalSection
EndGlobal
